
Microsoft Visual Studio Solution File, Format Version 12.00
# Visual Studio Version 17
VisualStudioVersion = 17.6.33815.320
MinimumVisualStudioVersion = 10.0.40219.1
Project("{FAE04EC0-301F-11D3-BF4B-00C04F79EFBC}") = "TSP", "ham_cycle\TSP.csproj", "{C678DBE5-57B8-40FA-8743-4949D103966B}"
EndProject
Global
	GlobalSection(SolutionConfigurationPlatforms) = preSolution
		Debug|Any CPU = Debug|Any CPU
		Release|Any CPU = Release|Any CPU
	EndGlobalSection
	GlobalSection(ProjectConfigurationPlatforms) = postSolution
		{C678DBE5-57B8-40FA-8743-4949D103966B}.Debug|Any CPU.ActiveCfg = Debug|Any CPU
		{C678DBE5-57B8-40FA-8743-4949D103966B}.Debug|Any CPU.Build.0 = Debug|Any CPU
		{C678DBE5-57B8-40FA-8743-4949D103966B}.Release|Any CPU.ActiveCfg = Release|Any CPU
		{C678DBE5-57B8-40FA-8743-4949D103966B}.Release|Any CPU.Build.0 = Release|Any CPU
	EndGlobalSection
	GlobalSection(SolutionProperties) = preSolution
		HideSolutionNode = FALSE
	EndGlobalSection
	GlobalSection(ExtensibilityGlobals) = postSolution
		SolutionGuid = {ADA4B295-FBCD-4143-AB00-4EDBDA101418}
	EndGlobalSection
EndGlobal
